
Microsoft Visual Studio Solution File, Format Version 12.00
# Visual Studio Version 16
VisualStudioVersion = 16.0.30105.148
MinimumVisualStudioVersion = 10.0.40219.1
Project("{FAE04EC0-301F-11D3-BF4B-00C04F79EFBC}") = "Presentation", "Presentation\Presentation.csproj", "{490279B4-92C6-4460-9BEB-9A6DC601B7F8}"
EndProject
Project("{FAE04EC0-301F-11D3-BF4B-00C04F79EFBC}") = "Domain", "Domain\Domain.csproj", "{32394203-BF6F-4902-A178-9CB5DCA2212D}"
EndProject
Project("{FAE04EC0-301F-11D3-BF4B-00C04F79EFBC}") = "DataAccess", "DataAccess\DataAccess.csproj", "{288C5E0A-36B6-40C6-B3ED-0E2444FA8772}"
EndProject
Global
	GlobalSection(SolutionConfigurationPlatforms) = preSolution
		Debug|Any CPU = Debug|Any CPU
		Release|Any CPU = Release|Any CPU
	EndGlobalSection
	GlobalSection(ProjectConfigurationPlatforms) = postSolution
		{490279B4-92C6-4460-9BEB-9A6DC601B7F8}.Debug|Any CPU.ActiveCfg = Debug|Any CPU
		{490279B4-92C6-4460-9BEB-9A6DC601B7F8}.Debug|Any CPU.Build.0 = Debug|Any CPU
		{490279B4-92C6-4460-9BEB-9A6DC601B7F8}.Release|Any CPU.ActiveCfg = Release|Any CPU
		{490279B4-92C6-4460-9BEB-9A6DC601B7F8}.Release|Any CPU.Build.0 = Release|Any CPU
		{32394203-BF6F-4902-A178-9CB5DCA2212D}.Debug|Any CPU.ActiveCfg = Debug|Any CPU
		{32394203-BF6F-4902-A178-9CB5DCA2212D}.Debug|Any CPU.Build.0 = Debug|Any CPU
		{32394203-BF6F-4902-A178-9CB5DCA2212D}.Release|Any CPU.ActiveCfg = Release|Any CPU
		{32394203-BF6F-4902-A178-9CB5DCA2212D}.Release|Any CPU.Build.0 = Release|Any CPU
		{288C5E0A-36B6-40C6-B3ED-0E2444FA8772}.Debug|Any CPU.ActiveCfg = Debug|Any CPU
		{288C5E0A-36B6-40C6-B3ED-0E2444FA8772}.Debug|Any CPU.Build.0 = Debug|Any CPU
		{288C5E0A-36B6-40C6-B3ED-0E2444FA8772}.Release|Any CPU.ActiveCfg = Release|Any CPU
		{288C5E0A-36B6-40C6-B3ED-0E2444FA8772}.Release|Any CPU.Build.0 = Release|Any CPU
	EndGlobalSection
	GlobalSection(SolutionProperties) = preSolution
		HideSolutionNode = FALSE
	EndGlobalSection
	GlobalSection(ExtensibilityGlobals) = postSolution
		SolutionGuid = {3BE0F52B-11CB-4C34-BC1A-38B8B7CB2CA3}
	EndGlobalSection
EndGlobal
